
Microsoft Visual Studio Solution File, Format Version 12.00
# Visual Studio 15
VisualStudioVersion = 15.0.27130.2024
MinimumVisualStudioVersion = 10.0.40219.1
Project("{D954291E-2A0B-460D-934E-DC6B0785DB48}") = "War1", "..\War1.shproj", "{525FF03F-B94A-404A-B77C-A9BF07056B7E}"
EndProject
Global
	GlobalSection(SharedMSBuildProjectFiles) = preSolution
		..\War1.projitems*{525ff03f-b94a-404a-b77c-a9bf07056b7e}*SharedItemsImports = 13
	EndGlobalSection
	GlobalSection(SolutionProperties) = preSolution
		HideSolutionNode = FALSE
	EndGlobalSection
	GlobalSection(ExtensibilityGlobals) = postSolution
		SolutionGuid = {BE610839-F682-476F-82E8-3653222D73DB}
	EndGlobalSection
EndGlobal
